
Microsoft Visual Studio Solution File, Format Version 12.00
# Visual Studio Version 17
VisualStudioVersion = 17.6.33829.357
MinimumVisualStudioVersion = 10.0.40219.1
Project("{FAE04EC0-301F-11D3-BF4B-00C04F79EFBC}") = "AmDB", "AmDB\AmDB.csproj", "{A13718D7-F2CD-4FC2-8D88-AB723FD3F0EA}"
EndProject
Global
	GlobalSection(SolutionConfigurationPlatforms) = preSolution
		Debug|Any CPU = Debug|Any CPU
		Release|Any CPU = Release|Any CPU
	EndGlobalSection
	GlobalSection(ProjectConfigurationPlatforms) = postSolution
		{A13718D7-F2CD-4FC2-8D88-AB723FD3F0EA}.Debug|Any CPU.ActiveCfg = Debug|Any CPU
		{A13718D7-F2CD-4FC2-8D88-AB723FD3F0EA}.Debug|Any CPU.Build.0 = Debug|Any CPU
		{A13718D7-F2CD-4FC2-8D88-AB723FD3F0EA}.Release|Any CPU.ActiveCfg = Release|Any CPU
		{A13718D7-F2CD-4FC2-8D88-AB723FD3F0EA}.Release|Any CPU.Build.0 = Release|Any CPU
	EndGlobalSection
	GlobalSection(SolutionProperties) = preSolution
		HideSolutionNode = FALSE
	EndGlobalSection
	GlobalSection(ExtensibilityGlobals) = postSolution
		SolutionGuid = {D880C177-AA28-4688-AC32-5B9F31C942E7}
	EndGlobalSection
EndGlobal
